
Microsoft Visual Studio Solution File, Format Version 12.00
# Visual Studio 15
VisualStudioVersion = 15.0.26228.4
MinimumVisualStudioVersion = 10.0.40219.1
Project("{FAE04EC0-301F-11D3-BF4B-00C04F79EFBC}") = "Wallpaper", "Wallpaper\Wallpaper.csproj", "{773EA6DC-3A60-4075-B1CB-18D57F951097}"
EndProject
Project("{FAE04EC0-301F-11D3-BF4B-00C04F79EFBC}") = "FishyuAnimation", "..\FishYu\FishyuAnimation\FishyuAnimation\FishyuAnimation.csproj", "{13D92134-FCAE-4B91-85BA-4E7766F842C6}"
EndProject
Global
	GlobalSection(SolutionConfigurationPlatforms) = preSolution
		Debug|Any CPU = Debug|Any CPU
		Release|Any CPU = Release|Any CPU
	EndGlobalSection
	GlobalSection(ProjectConfigurationPlatforms) = postSolution
		{773EA6DC-3A60-4075-B1CB-18D57F951097}.Debug|Any CPU.ActiveCfg = Debug|Any CPU
		{773EA6DC-3A60-4075-B1CB-18D57F951097}.Debug|Any CPU.Build.0 = Debug|Any CPU
		{773EA6DC-3A60-4075-B1CB-18D57F951097}.Release|Any CPU.ActiveCfg = Release|Any CPU
		{773EA6DC-3A60-4075-B1CB-18D57F951097}.Release|Any CPU.Build.0 = Release|Any CPU
		{13D92134-FCAE-4B91-85BA-4E7766F842C6}.Debug|Any CPU.ActiveCfg = Debug|Any CPU
		{13D92134-FCAE-4B91-85BA-4E7766F842C6}.Debug|Any CPU.Build.0 = Debug|Any CPU
		{13D92134-FCAE-4B91-85BA-4E7766F842C6}.Release|Any CPU.ActiveCfg = Release|Any CPU
		{13D92134-FCAE-4B91-85BA-4E7766F842C6}.Release|Any CPU.Build.0 = Release|Any CPU
	EndGlobalSection
	GlobalSection(SolutionProperties) = preSolution
		HideSolutionNode = FALSE
	EndGlobalSection
	GlobalSection(ExtensibilityGlobals) = postSolution
		SolutionGuid = {9287860A-AD7A-4BAB-A2B4-3ED41D56D624}
	EndGlobalSection
EndGlobal
